
Microsoft Visual Studio Solution File, Format Version 12.00
# Visual Studio Version 17
VisualStudioVersion = 17.0.31903.59
MinimumVisualStudioVersion = 10.0.40219.1
Project("{FAE04EC0-301F-11D3-BF4B-00C04F79EFBC}") = "TRMDataManager", "TRMDataManager\TRMDataManager.csproj", "{3D714299-B90E-47E5-A8DE-64E7629CBABB}"
EndProject
Project("{00D1A9C2-B5F0-4AF3-8072-F6C62B433612}") = "TRMData", "TRMData\TRMData.sqlproj", "{4C7D8B48-FAC0-4D89-8E5A-8AAA650CA8FC}"
EndProject
Project("{FAE04EC0-301F-11D3-BF4B-00C04F79EFBC}") = "TRMDesktopUI", "TRMDesktopUI\TRMDesktopUI.csproj", "{1D8F5013-75DC-4363-BCAA-ACEFD748B242}"
EndProject
Global
	GlobalSection(SolutionConfigurationPlatforms) = preSolution
		Debug|Any CPU = Debug|Any CPU
		Release|Any CPU = Release|Any CPU
	EndGlobalSection
	GlobalSection(ProjectConfigurationPlatforms) = postSolution
		{3D714299-B90E-47E5-A8DE-64E7629CBABB}.Debug|Any CPU.ActiveCfg = Debug|Any CPU
		{3D714299-B90E-47E5-A8DE-64E7629CBABB}.Debug|Any CPU.Build.0 = Debug|Any CPU
		{3D714299-B90E-47E5-A8DE-64E7629CBABB}.Release|Any CPU.ActiveCfg = Release|Any CPU
		{3D714299-B90E-47E5-A8DE-64E7629CBABB}.Release|Any CPU.Build.0 = Release|Any CPU
		{4C7D8B48-FAC0-4D89-8E5A-8AAA650CA8FC}.Debug|Any CPU.ActiveCfg = Debug|Any CPU
		{4C7D8B48-FAC0-4D89-8E5A-8AAA650CA8FC}.Debug|Any CPU.Build.0 = Debug|Any CPU
		{4C7D8B48-FAC0-4D89-8E5A-8AAA650CA8FC}.Debug|Any CPU.Deploy.0 = Debug|Any CPU
		{4C7D8B48-FAC0-4D89-8E5A-8AAA650CA8FC}.Release|Any CPU.ActiveCfg = Release|Any CPU
		{4C7D8B48-FAC0-4D89-8E5A-8AAA650CA8FC}.Release|Any CPU.Build.0 = Release|Any CPU
		{4C7D8B48-FAC0-4D89-8E5A-8AAA650CA8FC}.Release|Any CPU.Deploy.0 = Release|Any CPU
		{1D8F5013-75DC-4363-BCAA-ACEFD748B242}.Debug|Any CPU.ActiveCfg = Debug|Any CPU
		{1D8F5013-75DC-4363-BCAA-ACEFD748B242}.Debug|Any CPU.Build.0 = Debug|Any CPU
		{1D8F5013-75DC-4363-BCAA-ACEFD748B242}.Release|Any CPU.ActiveCfg = Release|Any CPU
		{1D8F5013-75DC-4363-BCAA-ACEFD748B242}.Release|Any CPU.Build.0 = Release|Any CPU
	EndGlobalSection
	GlobalSection(SolutionProperties) = preSolution
		HideSolutionNode = FALSE
	EndGlobalSection
	GlobalSection(ExtensibilityGlobals) = postSolution
		SolutionGuid = {E6B0FD3A-B8D3-47F2-997D-F8C128F811EF}
	EndGlobalSection
EndGlobal
